
Microsoft Visual Studio Solution File, Format Version 12.00
# Visual Studio 15
VisualStudioVersion = 15.0.28307.645
MinimumVisualStudioVersion = 10.0.40219.1
Project("{FAE04EC0-301F-11D3-BF4B-00C04F79EFBC}") = "CEN-Project", "CEN-Project\CEN-Project.csproj", "{14B31F8A-BACE-4D6D-A72E-D37D7E842C37}"
EndProject
Global
	GlobalSection(SolutionConfigurationPlatforms) = preSolution
		Debug|Any CPU = Debug|Any CPU
		Release|Any CPU = Release|Any CPU
	EndGlobalSection
	GlobalSection(ProjectConfigurationPlatforms) = postSolution
		{14B31F8A-BACE-4D6D-A72E-D37D7E842C37}.Debug|Any CPU.ActiveCfg = Debug|Any CPU
		{14B31F8A-BACE-4D6D-A72E-D37D7E842C37}.Debug|Any CPU.Build.0 = Debug|Any CPU
		{14B31F8A-BACE-4D6D-A72E-D37D7E842C37}.Release|Any CPU.ActiveCfg = Release|Any CPU
		{14B31F8A-BACE-4D6D-A72E-D37D7E842C37}.Release|Any CPU.Build.0 = Release|Any CPU
	EndGlobalSection
	GlobalSection(SolutionProperties) = preSolution
		HideSolutionNode = FALSE
	EndGlobalSection
	GlobalSection(ExtensibilityGlobals) = postSolution
		SolutionGuid = {6DC06903-28C2-42A7-A5F0-FB39B74DACAA}
	EndGlobalSection
EndGlobal
